// !$*UTF8*$!
{
	archiveVersion = 1;
	classes = {
	};
	objectVersion = 50;
	objects = {

/* Begin PBXBuildFile section */
		8F63E38C202C2D05009EC438 /* AppDelegate.swift in Sources */ = {isa = PBXBuildFile; fileRef = 8F63E38B202C2D05009EC438 /* AppDelegate.swift */; };
		8F63E38E202C2D05009EC438 /* ViewController.swift in Sources */ = {isa = PBXBuildFile; fileRef = 8F63E38D202C2D05009EC438 /* ViewController.swift */; };
		8F63E391202C2D05009EC438 /* Main.storyboard in Resources */ = {isa = PBXBuildFile; fileRef = 8F63E38F202C2D05009EC438 /* Main.storyboard */; };
		8F63E393202C2D07009EC438 /* Assets.xcassets in Resources */ = {isa = PBXBuildFile; fileRef = 8F63E392202C2D07009EC438 /* Assets.xcassets */; };
		8F63E396202C2D07009EC438 /* LaunchScreen.storyboard in Resources */ = {isa = PBXBuildFile; fileRef = 8F63E394202C2D07009EC438 /* LaunchScreen.storyboard */; };
		8F63E3A1202C2D07009EC438 /* ARCamTests.swift in Sources */ = {isa = PBXBuildFile; fileRef = 8F63E3A0202C2D07009EC438 /* ARCamTests.swift */; };
		8F63E3AC202C2D07009EC438 /* ARCamUITests.swift in Sources */ = {isa = PBXBuildFile; fileRef = 8F63E3AB202C2D07009EC438 /* ARCamUITests.swift */; };
/* End PBXBuildFile section */

/* Begin PBXContainerItemProxy section */
		8F63E39D202C2D07009EC438 /* PBXContainerItemProxy */ = {
			isa = PBXContainerItemProxy;
			containerPortal = 8F63E380202C2D05009EC438 /* Project object */;
			proxyType = 1;
			remoteGlobalIDString = 8F63E387202C2D05009EC438;
			remoteInfo = ARCam;
		};
		8F63E3A8202C2D07009EC438 /* PBXContainerItemProxy */ = {
			isa = PBXContainerItemProxy;
			containerPortal = 8F63E380202C2D05009EC438 /* Project object */;
			proxyType = 1;
			remoteGlobalIDString = 8F63E387202C2D05009EC438;
			remoteInfo = ARCam;
		};
/* End PBXContainerItemProxy section */

/* Begin PBXFileReference section */
		8F63E388202C2D05009EC438 /* ARCam.app */ = {isa = PBXFileReference; explicitFileType = wrapper.application; includeInIndex = 0; path = ARCam.app; sourceTree = BUILT_PRODUCTS_DIR; };
		8F63E38B202C2D05009EC438 /* AppDelegate.swift */ = {isa = PBXFileReference; lastKnownFileType = sourcecode.swift; path = AppDelegate.swift; sourceTree = "<group>"; };
		8F63E38D202C2D05009EC438 /* ViewController.swift */ = {isa = PBXFileReference; lastKnownFileType = sourcecode.swift; path = ViewController.swift; sourceTree = "<group>"; };
		8F63E390202C2D05009EC438 /* Base */ = {isa = PBXFileReference; lastKnownFileType = file.storyboard; name = Base; path = Base.lproj/Main.storyboard; sourceTree = "<group>"; };
		8F63E392202C2D07009EC438 /* Assets.xcassets */ = {isa = PBXFileReference; lastKnownFileType = folder.assetcatalog; path = Assets.xcassets; sourceTree = "<group>"; };
		8F63E395202C2D07009EC438 /* Base */ = {isa = PBXFileReference; lastKnownFileType = file.storyboard; name = Base; path = Base.lproj/LaunchScreen.storyboard; sourceTree = "<group>"; };
		8F63E397202C2D07009EC438 /* Info.plist */ = {isa = PBXFileReference; lastKnownFileType = text.plist.xml; path = Info.plist; sourceTree = "<group>"; };
		8F63E39C202C2D07009EC438 /* ARCamTests.xctest */ = {isa = PBXFileReference; explicitFileType = wrapper.cfbundle; includeInIndex = 0; path = ARCamTests.xctest; sourceTree = BUILT_PRODUCTS_DIR; };
		8F63E3A0202C2D07009EC438 /* ARCamTests.swift */ = {isa = PBXFileReference; lastKnownFileType = sourcecode.swift; path = ARCamTests.swift; sourceTree = "<group>"; };
		8F63E3A2202C2D07009EC438 /* Info.plist */ = {isa = PBXFileReference; lastKnownFileType = text.plist.xml; path = Info.plist; sourceTree = "<group>"; };
		8F63E3A7202C2D07009EC438 /* ARCamUITests.xctest */ = {isa = PBXFileReference; explicitFileType = wrapper.cfbundle; includeInIndex = 0; path = ARCamUITests.xctest; sourceTree = BUILT_PRODUCTS_DIR; };
		8F63E3AB202C2D07009EC438 /* ARCamUITests.swift */ = {isa = PBXFileReference; lastKnownFileType = sourcecode.swift; path = ARCamUITests.swift; sourceTree = "<group>"; };
		8F63E3AD202C2D07009EC438 /* Info.plist */ = {isa = PBXFileReference; lastKnownFileType = text.plist.xml; path = Info.plist; sourceTree = "<group>"; };
/* End PBXFileReference section */

/* Begin PBXFrameworksBuildPhase section */
		8F63E385202C2D05009EC438 /* Frameworks */ = {
			isa = PBXFrameworksBuildPhase;
			buildActionMask = 2147483647;
			files = (
			);
			runOnlyForDeploymentPostprocessing = 0;
		};
		8F63E399202C2D07009EC438 /* Frameworks */ = {
			isa = PBXFrameworksBuildPhase;
			buildActionMask = 2147483647;
			files = (
			);
			runOnlyForDeploymentPostprocessing = 0;
		};
		8F63E3A4202C2D07009EC438 /* Frameworks */ = {
			isa = PBXFrameworksBuildPhase;
			buildActionMask = 2147483647;
			files = (
			);
			runOnlyForDeploymentPostprocessing = 0;
		};
/* End PBXFrameworksBuildPhase section */

/* Begin PBXGroup section */
		8F63E37F202C2D05009EC438 = {
			isa = PBXGroup;
			children = (
				8F63E38A202C2D05009EC438 /* ARCam */,
				8F63E39F202C2D07009EC438 /* ARCamTests */,
				8F63E3AA202C2D07009EC438 /* ARCamUITests */,
				8F63E389202C2D05009EC438 /* Products */,
			);
			sourceTree = "<group>";
		};
		8F63E389202C2D05009EC438 /* Products */ = {
			isa = PBXGroup;
			children = (
				8F63E388202C2D05009EC438 /* ARCam.app */,
				8F63E39C202C2D07009EC438 /* ARCamTests.xctest */,
				8F63E3A7202C2D07009EC438 /* ARCamUITests.xctest */,
			);
			name = Products;
			sourceTree = "<group>";
		};
		8F63E38A202C2D05009EC438 /* ARCam */ = {
			isa = PBXGroup;
			children = (
				8F63E38B202C2D05009EC438 /* AppDelegate.swift */,
				8F63E38D202C2D05009EC438 /* ViewController.swift */,
				8F63E38F202C2D05009EC438 /* Main.storyboard */,
				8F63E392202C2D07009EC438 /* Assets.xcassets */,
				8F63E394202C2D07009EC438 /* LaunchScreen.storyboard */,
				8F63E397202C2D07009EC438 /* Info.plist */,
			);
			path = ARCam;
			sourceTree = "<group>";
		};
		8F63E39F202C2D07009EC438 /* ARCamTests */ = {
			isa = PBXGroup;
			children = (
				8F63E3A0202C2D07009EC438 /* ARCamTests.swift */,
				8F63E3A2202C2D07009EC438 /* Info.plist */,
			);
			path = ARCamTests;
			sourceTree = "<group>";
		};
		8F63E3AA202C2D07009EC438 /* ARCamUITests */ = {
			isa = PBXGroup;
			children = (
				8F63E3AB202C2D07009EC438 /* ARCamUITests.swift */,
				8F63E3AD202C2D07009EC438 /* Info.plist */,
			);
			path = ARCamUITests;
			sourceTree = "<group>";
		};
/* End PBXGroup section */

/* Begin PBXNativeTarget section */
		8F63E387202C2D05009EC438 /* ARCam */ = {
			isa = PBXNativeTarget;
			buildConfigurationList = 8F63E3B0202C2D07009EC438 /* Build configuration list for PBXNativeTarget "ARCam" */;
			buildPhases = (
				8F63E384202C2D05009EC438 /* Sources */,
				8F63E385202C2D05009EC438 /* Frameworks */,
				8F63E386202C2D05009EC438 /* Resources */,
			);
			buildRules = (
			);
			dependencies = (
			);
			name = ARCam;
			productName = ARCam;
			productReference = 8F63E388202C2D05009EC438 /* ARCam.app */;
			productType = "com.apple.product-type.application";
		};
		8F63E39B202C2D07009EC438 /* ARCamTests */ = {
			isa = PBXNativeTarget;
			buildConfigurationList = 8F63E3B3202C2D07009EC438 /* Build configuration list for PBXNativeTarget "ARCamTests" */;
			buildPhases = (
				8F63E398202C2D07009EC438 /* Sources */,
				8F63E399202C2D07009EC438 /* Frameworks */,
				8F63E39A202C2D07009EC438 /* Resources */,
			);
			buildRules = (
			);
			dependencies = (
				8F63E39E202C2D07009EC438 /* PBXTargetDependency */,
			);
			name = ARCamTests;
			productName = ARCamTests;
			productReference = 8F63E39C202C2D07009EC438 /* ARCamTests.xctest */;
			productType = "com.apple.product-type.bundle.unit-test";
		};
		8F63E3A6202C2D07009EC438 /* ARCamUITests */ = {
			isa = PBXNativeTarget;
			buildConfigurationList = 8F63E3B6202C2D07009EC438 /* Build configuration list for PBXNativeTarget "ARCamUITests" */;
			buildPhases = (
				8F63E3A3202C2D07009EC438 /* Sources */,
				8F63E3A4202C2D07009EC438 /* Frameworks */,
				8F63E3A5202C2D07009EC438 /* Resources */,
			);
			buildRules = (
			);
			dependencies = (
				8F63E3A9202C2D07009EC438 /* PBXTargetDependency */,
			);
			name = ARCamUITests;
			productName = ARCamUITests;
			productReference = 8F63E3A7202C2D07009EC438 /* ARCamUITests.xctest */;
			productType = "com.apple.product-type.bundle.ui-testing";
		};
/* End PBXNativeTarget section */

/* Begin PBXProject section */
		8F63E380202C2D05009EC438 /* Project object */ = {
			isa = PBXProject;
			attributes = {
				LastSwiftUpdateCheck = 0930;
				LastUpgradeCheck = 0930;
				ORGANIZATIONNAME = MerryUnion;
				TargetAttributes = {
					8F63E387202C2D05009EC438 = {
						CreatedOnToolsVersion = 9.3;
					};
					8F63E39B202C2D07009EC438 = {
						CreatedOnToolsVersion = 9.3;
						TestTargetID = 8F63E387202C2D05009EC438;
					};
					8F63E3A6202C2D07009EC438 = {
						CreatedOnToolsVersion = 9.3;
						TestTargetID = 8F63E387202C2D05009EC438;
					};
				};
			};
			buildConfigurationList = 8F63E383202C2D05009EC438 /* Build configuration list for PBXProject "ARCam" */;
			compatibilityVersion = "Xcode 9.3";
			developmentRegion = en;
			hasScannedForEncodings = 0;
			knownRegions = (
				en,
				Base,
			);
			mainGroup = 8F63E37F202C2D05009EC438;
			productRefGroup = 8F63E389202C2D05009EC438 /* Products */;
			projectDirPath = "";
			projectRoot = "";
			targets = (
				8F63E387202C2D05009EC438 /* ARCam */,
				8F63E39B202C2D07009EC438 /* ARCamTests */,
				8F63E3A6202C2D07009EC438 /* ARCamUITests */,
			);
		};
/* End PBXProject section */

/* Begin PBXResourcesBuildPhase section */
		8F63E386202C2D05009EC438 /* Resources */ = {
			isa = PBXResourcesBuildPhase;
			buildActionMask = 2147483647;
			files = (
				8F63E396202C2D07009EC438 /* LaunchScreen.storyboard in Resources */,
				8F63E393202C2D07009EC438 /* Assets.xcassets in Resources */,
				8F63E391202C2D05009EC438 /* Main.storyboard in Resources */,
			);
			runOnlyForDeploymentPostprocessing = 0;
		};
		8F63E39A202C2D07009EC438 /* Resources */ = {
			isa = PBXResourcesBuildPhase;
			buildActionMask = 2147483647;
			files = (
			);
			runOnlyForDeploymentPostprocessing = 0;
		};
		8F63E3A5202C2D07009EC438 /* Resources */ = {
			isa = PBXResourcesBuildPhase;
			buildActionMask = 2147483647;
			files = (
			);
			runOnlyForDeploymentPostprocessing = 0;
		};
/* End PBXResourcesBuildPhase section */

/* Begin PBXSourcesBuildPhase section */
		8F63E384202C2D05009EC438 /* Sources */ = {
			isa = PBXSourcesBuildPhase;
			buildActionMask = 2147483647;
			files = (
				8F63E38E202C2D05009EC438 /* ViewController.swift in Sources */,
				8F63E38C202C2D05009EC438 /* AppDelegate.swift in Sources */,
			);
			runOnlyForDeploymentPostprocessing = 0;
		};
		8F63E398202C2D07009EC438 /* Sources */ = {
			isa = PBXSourcesBuildPhase;
			buildActionMask = 2147483647;
			files = (
				8F63E3A1202C2D07009EC438 /* ARCamTests.swift in Sources */,
			);
			runOnlyForDeploymentPostprocessing = 0;
		};
		8F63E3A3202C2D07009EC438 /* Sources */ = {
			isa = PBXSourcesBuildPhase;
			buildActionMask = 2147483647;
			files = (
				8F63E3AC202C2D07009EC438 /* ARCamUITests.swift in Sources */,
			);
			runOnlyForDeploymentPostprocessing = 0;
		};
/* End PBXSourcesBuildPhase section */

/* Begin PBXTargetDependency section */
		8F63E39E202C2D07009EC438 /* PBXTargetDependency */ = {
			isa = PBXTargetDependency;
			target = 8F63E387202C2D05009EC438 /* ARCam */;
			targetProxy = 8F63E39D202C2D07009EC438 /* PBXContainerItemProxy */;
		};
		8F63E3A9202C2D07009EC438 /* PBXTargetDependency */ = {
			isa = PBXTargetDependency;
			target = 8F63E387202C2D05009EC438 /* ARCam */;
			targetProxy = 8F63E3A8202C2D07009EC438 /* PBXContainerItemProxy */;
		};
/* End PBXTargetDependency section */

/* Begin PBXVariantGroup section */
		8F63E38F202C2D05009EC438 /* Main.storyboard */ = {
			isa = PBXVariantGroup;
			children = (
				8F63E390202C2D05009EC438 /* Base */,
			);
			name = Main.storyboard;
			sourceTree = "<group>";
		};
		8F63E394202C2D07009EC438 /* LaunchScreen.storyboard */ = {
			isa = PBXVariantGroup;
			children = (
				8F63E395202C2D07009EC438 /* Base */,
			);
			name = LaunchScreen.storyboard;
			sourceTree = "<group>";
		};
/* End PBXVariantGroup section */

/* Begin XCBuildConfiguration section */
		8F63E3AE202C2D07009EC438 /* Debug */ = {
			isa = XCBuildConfiguration;
			buildSettings = {
				ALWAYS_SEARCH_USER_PATHS = NO;
				CLANG_ANALYZER_NONNULL = YES;
				CLANG_ANALYZER_NUMBER_OBJECT_CONVERSION = YES_AGGRESSIVE;
				CLANG_CXX_LANGUAGE_STANDARD = "gnu++14";
				CLANG_CXX_LIBRARY = "libc++";
				CLANG_ENABLE_MODULES = YES;
				CLANG_ENABLE_OBJC_ARC = YES;
				CLANG_ENABLE_OBJC_WEAK = YES;
				CLANG_WARN_BLOCK_CAPTURE_AUTORELEASING = YES;
				CLANG_WARN_BOOL_CONVERSION = YES;
				CLANG_WARN_COMMA = YES;
				CLANG_WARN_CONSTANT_CONVERSION = YES;
				CLANG_WARN_DEPRECATED_OBJC_IMPLEMENTATIONS = YES;
				CLANG_WARN_DIRECT_OBJC_ISA_USAGE = YES_ERROR;
				CLANG_WARN_DOCUMENTATION_COMMENTS = YES;
				CLANG_WARN_EMPTY_BODY = YES;
				CLANG_WARN_ENUM_CONVERSION = YES;
				CLANG_WARN_INFINITE_RECURSION = YES;
				CLANG_WARN_INT_CONVERSION = YES;
				CLANG_WARN_NON_LITERAL_NULL_CONVERSION = YES;
				CLANG_WARN_OBJC_IMPLICIT_RETAIN_SELF = YES;
				CLANG_WARN_OBJC_LITERAL_CONVERSION = YES;
				CLANG_WARN_OBJC_ROOT_CLASS = YES_ERROR;
				CLANG_WARN_RANGE_LOOP_ANALYSIS = YES;
				CLANG_WARN_STRICT_PROTOTYPES = YES;
				CLANG_WARN_SUSPICIOUS_MOVE = YES;
				CLANG_WARN_UNGUARDED_AVAILABILITY = YES_AGGRESSIVE;
				CLANG_WARN_UNREACHABLE_CODE = YES;
				CLANG_WARN__DUPLICATE_METHOD_MATCH = YES;
				CODE_SIGN_IDENTITY = "iPhone Developer";
				COPY_PHASE_STRIP = NO;
				DEBUG_INFORMATION_FORMAT = dwarf;
				ENABLE_STRICT_OBJC_MSGSEND = YES;
				ENABLE_TESTABILITY = YES;
				GCC_C_LANGUAGE_STANDARD = gnu11;
				GCC_DYNAMIC_NO_PIC = NO;
				GCC_NO_COMMON_BLOCKS = YES;
				GCC_OPTIMIZATION_LEVEL = 0;
				GCC_PREPROCESSOR_DEFINITIONS = (
					"DEBUG=1",
					"$(inherited)",
				);
				GCC_WARN_64_TO_32_BIT_CONVERSION = YES;
				GCC_WARN_ABOUT_RETURN_TYPE = YES_ERROR;
				GCC_WARN_UNDECLARED_SELECTOR = YES;
				GCC_WARN_UNINITIALIZED_AUTOS = YES_AGGRESSIVE;
				GCC_WARN_UNUSED_FUNCTION = YES;
				GCC_WARN_UNUSED_VARIABLE = YES;
				IPHONEOS_DEPLOYMENT_TARGET = 11.3;
				MTL_ENABLE_DEBUG_INFO = YES;
				ONLY_ACTIVE_ARCH = YES;
				SDKROOT = iphoneos;
				SWIFT_ACTIVE_COMPILATION_CONDITIONS = DEBUG;
				SWIFT_OPTIMIZATION_LEVEL = "-Onone";
			};
			name = Debug;
		};
		8F63E3AF202C2D07009EC438 /* Release */ = {
			isa = XCBuildConfiguration;
			buildSettings = {
				ALWAYS_SEARCH_USER_PATHS = NO;
				CLANG_ANALYZER_NONNULL = YES;
				CLANG_ANALYZER_NUMBER_OBJECT_CONVERSION = YES_AGGRESSIVE;
				CLANG_CXX_LANGUAGE_STANDARD = "gnu++14";
				CLANG_CXX_LIBRARY = "libc++";
				CLANG_ENABLE_MODULES = YES;
				CLANG_ENABLE_OBJC_ARC = YES;
				CLANG_ENABLE_OBJC_WEAK = YES;
				CLANG_WARN_BLOCK_CAPTURE_AUTORELEASING = YES;
				CLANG_WARN_BOOL_CONVERSION = YES;
				CLANG_WARN_COMMA = YES;
				CLANG_WARN_CONSTANT_CONVERSION = YES;
				CLANG_WARN_DEPRECATED_OBJC_IMPLEMENTATIONS = YES;
				CLANG_WARN_DIRECT_OBJC_ISA_USAGE = YES_ERROR;
				CLANG_WARN_DOCUMENTATION_COMMENTS = YES;
				CLANG_WARN_EMPTY_BODY = YES;
				CLANG_WARN_ENUM_CONVERSION = YES;
				CLANG_WARN_INFINITE_RECURSION = YES;
				CLANG_WARN_INT_CONVERSION = YES;
				CLANG_WARN_NON_LITERAL_NULL_CONVERSION = YES;
				CLANG_WARN_OBJC_IMPLICIT_RETAIN_SELF = YES;
				CLANG_WARN_OBJC_LITERAL_CONVERSION = YES;
				CLANG_WARN_OBJC_ROOT_CLASS = YES_ERROR;
				CLANG_WARN_RANGE_LOOP_ANALYSIS = YES;
				CLANG_WARN_STRICT_PROTOTYPES = YES;
				CLANG_WARN_SUSPICIOUS_MOVE = YES;
				CLANG_WARN_UNGUARDED_AVAILABILITY = YES_AGGRESSIVE;
				CLANG_WARN_UNREACHABLE_CODE = YES;
				CLANG_WARN__DUPLICATE_METHOD_MATCH = YES;
				CODE_SIGN_IDENTITY = "iPhone Developer";
				COPY_PHASE_STRIP = NO;
				DEBUG_INFORMATION_FORMAT = "dwarf-with-dsym";
				ENABLE_NS_ASSERTIONS = NO;
				ENABLE_STRICT_OBJC_MSGSEND = YES;
				GCC_C_LANGUAGE_STANDARD = gnu11;
				GCC_NO_COMMON_BLOCKS = YES;
				GCC_WARN_64_TO_32_BIT_CONVERSION = YES;
				GCC_WARN_ABOUT_RETURN_TYPE = YES_ERROR;
				GCC_WARN_UNDECLARED_SELECTOR = YES;
				GCC_WARN_UNINITIALIZED_AUTOS = YES_AGGRESSIVE;
				GCC_WARN_UNUSED_FUNCTION = YES;
				GCC_WARN_UNUSED_VARIABLE = YES;
				IPHONEOS_DEPLOYMENT_TARGET = 11.3;
				MTL_ENABLE_DEBUG_INFO = NO;
				SDKROOT = iphoneos;
				SWIFT_OPTIMIZATION_LEVEL = "-Owholemodule";
				VALIDATE_PRODUCT = YES;
			};
			name = Release;
		};
		8F63E3B1202C2D07009EC438 /* Debug */ = {
			isa = XCBuildConfiguration;
			buildSettings = {
				ASSETCATALOG_COMPILER_APPICON_NAME = AppIcon;
				CODE_SIGN_STYLE = Automatic;
				DEVELOPMENT_TEAM = P58JN8D62L;
				INFOPLIST_FILE = ARCam/Info.plist;
				LD_RUNPATH_SEARCH_PATHS = (
					"$(inherited)",
					"@executable_path/Frameworks",
				);
				PRODUCT_BUNDLE_IDENTIFIER = com.merryunion.ARCam;
				PRODUCT_NAME = "$(TARGET_NAME)";
				SWIFT_VERSION = 4.0;
				TARGETED_DEVICE_FAMILY = "1,2";
			};
			name = Debug;
		};
		8F63E3B2202C2D07009EC438 /* Release */ = {
			isa = XCBuildConfiguration;
			buildSettings = {
				ASSETCATALOG_COMPILER_APPICON_NAME = AppIcon;
				CODE_SIGN_STYLE = Automatic;
				DEVELOPMENT_TEAM = P58JN8D62L;
				INFOPLIST_FILE = ARCam/Info.plist;
				LD_RUNPATH_SEARCH_PATHS = (
					"$(inherited)",
					"@executable_path/Frameworks",
				);
				PRODUCT_BUNDLE_IDENTIFIER = com.merryunion.ARCam;
				PRODUCT_NAME = "$(TARGET_NAME)";
				SWIFT_VERSION = 4.0;
				TARGETED_DEVICE_FAMILY = "1,2";
			};
			name = Release;
		};
		8F63E3B4202C2D07009EC438 /* Debug */ = {
			isa = XCBuildConfiguration;
			buildSettings = {
				ALWAYS_EMBED_SWIFT_STANDARD_LIBRARIES = YES;
				BUNDLE_LOADER = "$(TEST_HOST)";
				CODE_SIGN_STYLE = Automatic;
				DEVELOPMENT_TEAM = P58JN8D62L;
				INFOPLIST_FILE = ARCamTests/Info.plist;
				LD_RUNPATH_SEARCH_PATHS = (
					"$(inherited)",
					"@executable_path/Frameworks",
					"@loader_path/Frameworks",
				);
				PRODUCT_BUNDLE_IDENTIFIER = com.merryunion.ARCamTests;
				PRODUCT_NAME = "$(TARGET_NAME)";
				SWIFT_VERSION = 4.0;
				TARGETED_DEVICE_FAMILY = "1,2";
				TEST_HOST = "$(BUILT_PRODUCTS_DIR)/ARCam.app/ARCam";
			};
			name = Debug;
		};
		8F63E3B5202C2D07009EC438 /* Release */ = {
			isa = XCBuildConfiguration;
			buildSettings = {
				ALWAYS_EMBED_SWIFT_STANDARD_LIBRARIES = YES;
				BUNDLE_LOADER = "$(TEST_HOST)";
				CODE_SIGN_STYLE = Automatic;
				DEVELOPMENT_TEAM = P58JN8D62L;
				INFOPLIST_FILE = ARCamTests/Info.plist;
				LD_RUNPATH_SEARCH_PATHS = (
					"$(inherited)",
					"@executable_path/Frameworks",
					"@loader_path/Frameworks",
				);
				PRODUCT_BUNDLE_IDENTIFIER = com.merryunion.ARCamTests;
				PRODUCT_NAME = "$(TARGET_NAME)";
				SWIFT_VERSION = 4.0;
				TARGETED_DEVICE_FAMILY = "1,2";
				TEST_HOST = "$(BUILT_PRODUCTS_DIR)/ARCam.app/ARCam";
			};
			name = Release;
		};
		8F63E3B7202C2D07009EC438 /* Debug */ = {
			isa = XCBuildConfiguration;
			buildSettings = {
				ALWAYS_EMBED_SWIFT_STANDARD_LIBRARIES = YES;
				CODE_SIGN_STYLE = Automatic;
				DEVELOPMENT_TEAM = P58JN8D62L;
				INFOPLIST_FILE = ARCamUITests/Info.plist;
				LD_RUNPATH_SEARCH_PATHS = (
					"$(inherited)",
					"@executable_path/Frameworks",
					"@loader_path/Frameworks",
				);
				PRODUCT_BUNDLE_IDENTIFIER = com.merryunion.ARCamUITests;
				PRODUCT_NAME = "$(TARGET_NAME)";
				SWIFT_VERSION = 4.0;
				TARGETED_DEVICE_FAMILY = "1,2";
				TEST_TARGET_NAME = ARCam;
			};
			name = Debug;
		};
		8F63E3B8202C2D07009EC438 /* Release */ = {
			isa = XCBuildConfiguration;
			buildSettings = {
				ALWAYS_EMBED_SWIFT_STANDARD_LIBRARIES = YES;
				CODE_SIGN_STYLE = Automatic;
				DEVELOPMENT_TEAM = P58JN8D62L;
				INFOPLIST_FILE = ARCamUITests/Info.plist;
				LD_RUNPATH_SEARCH_PATHS = (
					"$(inherited)",
					"@executable_path/Frameworks",
					"@loader_path/Frameworks",
				);
				PRODUCT_BUNDLE_IDENTIFIER = com.merryunion.ARCamUITests;
				PRODUCT_NAME = "$(TARGET_NAME)";
				SWIFT_VERSION = 4.0;
				TARGETED_DEVICE_FAMILY = "1,2";
				TEST_TARGET_NAME = ARCam;
			};
			name = Release;
		};
/* End XCBuildConfiguration section */

/* Begin XCConfigurationList section */
		8F63E383202C2D05009EC438 /* Build configuration list for PBXProject "ARCam" */ = {
			isa = XCConfigurationList;
			buildConfigurations = (
				8F63E3AE202C2D07009EC438 /* Debug */,
				8F63E3AF202C2D07009EC438 /* Release */,
			);
			defaultConfigurationIsVisible = 0;
			defaultConfigurationName = Release;
		};
		8F63E3B0202C2D07009EC438 /* Build configuration list for PBXNativeTarget "ARCam" */ = {
			isa = XCConfigurationList;
			buildConfigurations = (
				8F63E3B1202C2D07009EC438 /* Debug */,
				8F63E3B2202C2D07009EC438 /* Release */,
			);
			defaultConfigurationIsVisible = 0;
			defaultConfigurationName = Release;
		};
		8F63E3B3202C2D07009EC438 /* Build configuration list for PBXNativeTarget "ARCamTests" */ = {
			isa = XCConfigurationList;
			buildConfigurations = (
				8F63E3B4202C2D07009EC438 /* Debug */,
				8F63E3B5202C2D07009EC438 /* Release */,
			);
			defaultConfigurationIsVisible = 0;
			defaultConfigurationName = Release;
		};
		8F63E3B6202C2D07009EC438 /* Build configuration list for PBXNativeTarget "ARCamUITests" */ = {
			isa = XCConfigurationList;
			buildConfigurations = (
				8F63E3B7202C2D07009EC438 /* Debug */,
				8F63E3B8202C2D07009EC438 /* Release */,
			);
			defaultConfigurationIsVisible = 0;
			defaultConfigurationName = Release;
		};
/* End XCConfigurationList section */
	};
	rootObject = 8F63E380202C2D05009EC438 /* Project object */;
}
